PODS:
  - FBSnapshotTestCase (2.1.1):
    - FBSnapshotTestCase/SwiftSupport (= 2.1.1)
  - FBSnapshotTestCase/Core (2.1.1)
  - FBSnapshotTestCase/SwiftSupport (2.1.1):
    - FBSnapshotTestCase/Core
  - Nimble (4.0.1)
  - Nimble-Snapshots (4.1.0):
    - FBSnapshotTestCase (~> 2.0)
    - Nimble
    - Quick
  - Quick (0.9.2)
  - ZAlertView (0.2.2)

DEPENDENCIES:
  - FBSnapshotTestCase
  - Nimble
  - Nimble-Snapshots
  - Quick
  - ZAlertView (from `../`)

EXTERNAL SOURCES:
  ZAlertView:
    :path: "../"

SPEC CHECKSUMS:
  FBSnapshotTestCase: 432afd8d059ccef7f207225894840a03fbcf7474
  Nimble: 0f3c8b8b084cda391209c3c5efbb48bedeeb920a
  Nimble-Snapshots: 2da4d2ec829b458d6886c06812c52493fce284c9
  Quick: 18d057bc66451eedd5d1c8dc99ba2a5db6e60226
  ZAlertView: 750ba4f51055ea4a90ac89a09b128a3f3b34cd5d

PODFILE CHECKSUM: b12f4e6eec0dec4993791212e7125e0e0db869e3

COCOAPODS: 1.0.1
